
Microsoft Visual Studio Solution File, Format Version 12.00
# Visual Studio 15
VisualStudioVersion = 15.0.28307.136
MinimumVisualStudioVersion = 10.0.40219.1
Project("{FAE04EC0-301F-11D3-BF4B-00C04F79EFBC}") = "ImageScanner_New", "ImageScanner_New\ImageScanner_New.csproj", "{CAE8033F-9DB2-495B-BDE2-489654034A8F}"
EndProject
Global
	GlobalSection(SolutionConfigurationPlatforms) = preSolution
		Debug|Any CPU = Debug|Any CPU
		Release|Any CPU = Release|Any CPU
	EndGlobalSection
	GlobalSection(ProjectConfigurationPlatforms) = postSolution
		{CAE8033F-9DB2-495B-BDE2-489654034A8F}.Debug|Any CPU.ActiveCfg = Debug|Any CPU
		{CAE8033F-9DB2-495B-BDE2-489654034A8F}.Debug|Any CPU.Build.0 = Debug|Any CPU
		{CAE8033F-9DB2-495B-BDE2-489654034A8F}.Release|Any CPU.ActiveCfg = Release|Any CPU
		{CAE8033F-9DB2-495B-BDE2-489654034A8F}.Release|Any CPU.Build.0 = Release|Any CPU
	EndGlobalSection
	GlobalSection(SolutionProperties) = preSolution
		HideSolutionNode = FALSE
	EndGlobalSection
	GlobalSection(ExtensibilityGlobals) = postSolution
		SolutionGuid = {0DC06EA7-FDD8-4B89-A185-EFF431D825BB}
	EndGlobalSection
EndGlobal
